
Microsoft Visual Studio Solution File, Format Version 12.00
# Visual Studio 15
VisualStudioVersion = 15.0.28307.271
MinimumVisualStudioVersion = 10.0.40219.1
Project("{FAE04EC0-301F-11D3-BF4B-00C04F79EFBC}") = "Alexw.JsonHierarchy", "Alexw.JsonHierarchy\Alexw.JsonHierarchy.csproj", "{EFF7E068-63A0-4834-8015-1BFDDEA7C0BF}"
EndProject
Project("{FAE04EC0-301F-11D3-BF4B-00C04F79EFBC}") = "Alexw.JsonHierarchy.UnitTests", "Alexw.JsonHierarchy.UnitTests\Alexw.JsonHierarchy.UnitTests.csproj", "{4AFA415F-F828-47E6-9B2E-77BBEF209BEB}"
EndProject
Global
	GlobalSection(SolutionConfigurationPlatforms) = preSolution
		Debug|Any CPU = Debug|Any CPU
		Release|Any CPU = Release|Any CPU
	EndGlobalSection
	GlobalSection(ProjectConfigurationPlatforms) = postSolution
		{EFF7E068-63A0-4834-8015-1BFDDEA7C0BF}.Debug|Any CPU.ActiveCfg = Debug|Any CPU
		{EFF7E068-63A0-4834-8015-1BFDDEA7C0BF}.Debug|Any CPU.Build.0 = Debug|Any CPU
		{EFF7E068-63A0-4834-8015-1BFDDEA7C0BF}.Release|Any CPU.ActiveCfg = Release|Any CPU
		{EFF7E068-63A0-4834-8015-1BFDDEA7C0BF}.Release|Any CPU.Build.0 = Release|Any CPU
		{4AFA415F-F828-47E6-9B2E-77BBEF209BEB}.Debug|Any CPU.ActiveCfg = Debug|Any CPU
		{4AFA415F-F828-47E6-9B2E-77BBEF209BEB}.Debug|Any CPU.Build.0 = Debug|Any CPU
		{4AFA415F-F828-47E6-9B2E-77BBEF209BEB}.Release|Any CPU.ActiveCfg = Release|Any CPU
		{4AFA415F-F828-47E6-9B2E-77BBEF209BEB}.Release|Any CPU.Build.0 = Release|Any CPU
	EndGlobalSection
	GlobalSection(SolutionProperties) = preSolution
		HideSolutionNode = FALSE
	EndGlobalSection
	GlobalSection(ExtensibilityGlobals) = postSolution
		SolutionGuid = {B18C0E32-D536-42A9-A590-09CE0ACB2E5C}
	EndGlobalSection
EndGlobal
